<?xml version="1.0" encoding="utf-8"?>
<Project ToolsVersion="4.0" xmlns="http://schemas.microsoft.com/developer/msbuild/2003">
  <ItemGroup>
    <Filter Include="Source Files">
      <UniqueIdentifier>{4FC737F1-C7A5-4376-A066-2A32D752A2FF}</UniqueIdentifier>
      <Extensions>cpp;c;cc;cxx;def;odl;idl;hpj;bat;asm;asmx</Extensions>
    </Filter>
    <Filter Include="Header Files">
      <UniqueIdentifier>{93995380-89BD-4b04-88EB-625FBE52EBFB}</UniqueIdentifier>
      <Extensions>h;hh;hpp;hxx;hm;inl;inc;xsd</Extensions>
    </Filter>
    <Filter Include="Resource Files">
      <UniqueIdentifier>{67DA6AB6-F800-4c08-8B7A-83BB121AAD01}</UniqueIdentifier>
      <Extensions>rc;ico;cur;bmp;dlg;rc2;rct;bin;rgs;gif;jpg;jpeg;jpe;resx;tiff;tif;png;wav;mfcribbon-ms</Extensions>
    </Filter>
  </ItemGroup>
  <ItemGroup>
    <ClInclude Include="ConnectionHandler.h">
      <Filter>Header Files</Filter>
    </ClInclude>
    <ClInclude Include="TFTPPacket.h">
      <Filter>Header Files</Filter>
    </ClInclude>
    <ClInclude Include="MessageEncoderDecoder.h">
      <Filter>Header Files</Filter>
    </ClInclude>
    <ClInclude Include="DataPacket.h">
      <Filter>Header Files</Filter>
    </ClInclude>
    <ClInclude Include="WritePacket.h">
      <Filter>Header Files</Filter>
    </ClInclude>
    <ClInclude Include="ReadPacket.h">
      <Filter>Header Files</Filter>
    </ClInclude>
    <ClInclude Include="AckPacket.h">
      <Filter>Header Files</Filter>
    </ClInclude>
    <ClInclude Include="ErrorPacket.h">
      <Filter>Header Files</Filter>
    </ClInclude>
    <ClInclude Include="LoginPacket.h">
      <Filter>Header Files</Filter>
    </ClInclude>
    <ClInclude Include="DirListPacket.h">
      <Filter>Header Files</Filter>
    </ClInclude>
    <ClInclude Include="DeletePacket.h">
      <Filter>Header Files</Filter>
    </ClInclude>
    <ClInclude Include="BCastPacket.h">
      <Filter>Header Files</Filter>
    </ClInclude>
    <ClInclude Include="DisconnectPacket.h">
      <Filter>Header Files</Filter>
    </ClInclude>
    <ClInclude Include="ClientState.h">
      <Filter>Header Files</Filter>
    </ClInclude>
    <ClInclude Include="CommandLineListener.h">
      <Filter>Header Files</Filter>
    </ClInclude>
    <ClInclude Include="ServerResponseListener.h">
      <Filter>Header Files</Filter>
    </ClInclude>
  </ItemGroup>
  <ItemGroup>
    <ClCompile Include="ConnectionHandler.cpp">
      <Filter>Source Files</Filter>
    </ClCompile>
    <ClCompile Include="Main.cpp">
      <Filter>Source Files</Filter>
    </ClCompile>
    <ClCompile Include="MessageEncoderDecoder.cpp">
      <Filter>Source Files</Filter>
    </ClCompile>
    <ClCompile Include="DataPacket.cpp">
      <Filter>Source Files</Filter>
    </ClCompile>
    <ClCompile Include="WritePacket.cpp">
      <Filter>Source Files</Filter>
    </ClCompile>
    <ClCompile Include="ReadPacket.cpp">
      <Filter>Source Files</Filter>
    </ClCompile>
    <ClCompile Include="AckPacket.cpp">
      <Filter>Source Files</Filter>
    </ClCompile>
    <ClCompile Include="ErrorPacket.cpp">
      <Filter>Source Files</Filter>
    </ClCompile>
    <ClCompile Include="LoginPacket.cpp">
      <Filter>Source Files</Filter>
    </ClCompile>
    <ClCompile Include="DirListPacket.cpp">
      <Filter>Source Files</Filter>
    </ClCompile>
    <ClCompile Include="DeletePacket.cpp">
      <Filter>Source Files</Filter>
    </ClCompile>
    <ClCompile Include="BCastPacket.cpp">
      <Filter>Source Files</Filter>
    </ClCompile>
    <ClCompile Include="DisconnectPacket.cpp">
      <Filter>Source Files</Filter>
    </ClCompile>
    <ClCompile Include="TFTPPacket.cpp">
      <Filter>Source Files</Filter>
    </ClCompile>
    <ClCompile Include="ClientState.cpp">
      <Filter>Source Files</Filter>
    </ClCompile>
    <ClCompile Include="CommandLineListener.cpp">
      <Filter>Source Files</Filter>
    </ClCompile>
    <ClCompile Include="ServerResponseListener.cpp">
      <Filter>Source Files</Filter>
    </ClCompile>
  </ItemGroup>
</Project>